
Microsoft Visual Studio Solution File, Format Version 12.00
# Visual Studio Version 17
VisualStudioVersion = 17.14.36518.9 d17.14
MinimumVisualStudioVersion = 10.0.40219.1
Project("{FAE04EC0-301F-11D3-BF4B-00C04F79EFBC}") = "DentalClinic.PL", "DentalClinic.PL\DentalClinic.PL.csproj", "{0C086082-D515-4BD6-BCB5-6A9623FAF3AB}"
EndProject
Project("{FAE04EC0-301F-11D3-BF4B-00C04F79EFBC}") = "DentalClinic.BLL", "DentalClinic.BLL\DentalClinic.BLL.csproj", "{1E125549-CC26-4B4F-85B3-0C10A7B88F01}"
EndProject
Project("{FAE04EC0-301F-11D3-BF4B-00C04F79EFBC}") = "DentalClinic.DAL", "DentalClinic.DAL\DentalClinic.DAL.csproj", "{913DE563-3191-4ADD-B374-76A936EFADE7}"
EndProject
Global
	GlobalSection(SolutionConfigurationPlatforms) = preSolution
		Debug|Any CPU = Debug|Any CPU
		Release|Any CPU = Release|Any CPU
	EndGlobalSection
	GlobalSection(ProjectConfigurationPlatforms) = postSolution
		{0C086082-D515-4BD6-BCB5-6A9623FAF3AB}.Debug|Any CPU.ActiveCfg = Debug|Any CPU
		{0C086082-D515-4BD6-BCB5-6A9623FAF3AB}.Debug|Any CPU.Build.0 = Debug|Any CPU
		{0C086082-D515-4BD6-BCB5-6A9623FAF3AB}.Release|Any CPU.ActiveCfg = Release|Any CPU
		{0C086082-D515-4BD6-BCB5-6A9623FAF3AB}.Release|Any CPU.Build.0 = Release|Any CPU
		{1E125549-CC26-4B4F-85B3-0C10A7B88F01}.Debug|Any CPU.ActiveCfg = Debug|Any CPU
		{1E125549-CC26-4B4F-85B3-0C10A7B88F01}.Debug|Any CPU.Build.0 = Debug|Any CPU
		{1E125549-CC26-4B4F-85B3-0C10A7B88F01}.Release|Any CPU.ActiveCfg = Release|Any CPU
		{1E125549-CC26-4B4F-85B3-0C10A7B88F01}.Release|Any CPU.Build.0 = Release|Any CPU
		{913DE563-3191-4ADD-B374-76A936EFADE7}.Debug|Any CPU.ActiveCfg = Debug|Any CPU
		{913DE563-3191-4ADD-B374-76A936EFADE7}.Debug|Any CPU.Build.0 = Debug|Any CPU
		{913DE563-3191-4ADD-B374-76A936EFADE7}.Release|Any CPU.ActiveCfg = Release|Any CPU
		{913DE563-3191-4ADD-B374-76A936EFADE7}.Release|Any CPU.Build.0 = Release|Any CPU
	EndGlobalSection
	GlobalSection(SolutionProperties) = preSolution
		HideSolutionNode = FALSE
	EndGlobalSection
	GlobalSection(ExtensibilityGlobals) = postSolution
		SolutionGuid = {B9F95988-0E1A-47D4-A3DF-0A7834F2597F}
	EndGlobalSection
EndGlobal
